dependencies:
- name: common
  repository: oci://registry-1.docker.io/bitnamicharts
  version: 2.31.4
- name: mysql
  repository: oci://registry-1.docker.io/bitnamicharts
  version: 14.0.3
digest: sha256:1f66c50300be2eb1df1c3c1f33f346a03a67ff230bcb4590a58e18c3d6583dc4
generated: "2025-12-20T12:03:08.037489208+08:00"
